
Microsoft Visual Studio Solution File, Format Version 12.00
# Visual Studio 15
VisualStudioVersion = 15.0.28307.572
MinimumVisualStudioVersion = 10.0.40219.1
Project("{9A19103F-16F7-4668-BE54-9A1E7A4F7556}") = "ShopMvc", "ShopMvc\ShopMvc.csproj", "{D482C13B-462F-45C3-ADC7-C27777228247}"
EndProject
Project("{FAE04EC0-301F-11D3-BF4B-00C04F79EFBC}") = "ShowMvc.Tests", "ShowMvc.Tests\ShowMvc.Tests.csproj", "{E66584CC-6B22-4547-ACC0-DC590CE27C8A}"
EndProject
Global
	GlobalSection(SolutionConfigurationPlatforms) = preSolution
		Debug|Any CPU = Debug|Any CPU
		Release|Any CPU = Release|Any CPU
	EndGlobalSection
	GlobalSection(ProjectConfigurationPlatforms) = postSolution
		{D482C13B-462F-45C3-ADC7-C27777228247}.Debug|Any CPU.ActiveCfg = Debug|Any CPU
		{D482C13B-462F-45C3-ADC7-C27777228247}.Debug|Any CPU.Build.0 = Debug|Any CPU
		{D482C13B-462F-45C3-ADC7-C27777228247}.Release|Any CPU.ActiveCfg = Release|Any CPU
		{D482C13B-462F-45C3-ADC7-C27777228247}.Release|Any CPU.Build.0 = Release|Any CPU
		{E66584CC-6B22-4547-ACC0-DC590CE27C8A}.Debug|Any CPU.ActiveCfg = Debug|Any CPU
		{E66584CC-6B22-4547-ACC0-DC590CE27C8A}.Debug|Any CPU.Build.0 = Debug|Any CPU
		{E66584CC-6B22-4547-ACC0-DC590CE27C8A}.Release|Any CPU.ActiveCfg = Release|Any CPU
		{E66584CC-6B22-4547-ACC0-DC590CE27C8A}.Release|Any CPU.Build.0 = Release|Any CPU
	EndGlobalSection
	GlobalSection(SolutionProperties) = preSolution
		HideSolutionNode = FALSE
	EndGlobalSection
	GlobalSection(ExtensibilityGlobals) = postSolution
		SolutionGuid = {196C2DF5-E88D-476B-BC28-AA2CF068ADA2}
	EndGlobalSection
EndGlobal
